{
    "name": "scharles",
    "lockfileVersion": 3,
    "requires": true,
    "packages": {
        "": {
            "name": "scharles",
            "hasInstallScript": true,
            "workspaces": [
                "scharles-client",
                "scharles-server"
            ]
        }
    }
}
