{
    "name": "sharcles",
    "lockfileVersion": 3,
    "requires": true,
    "packages": {
        "": {
            "name": "sharcles",
            "workspaces": [
                "scharles-client",
                "scharles-server"
            ]
        },
        "client": {
            "name": "scharles-client",
            "version": "3.0.0",
            "extraneous": true,
            "dependencies": {
                "@tailwindcss/vite": "^4.0.12",
                "cors": "^2.8.5",
                "framer-motion": "^12.4.10",
                "react": "^19.0.0",
                "react-dom": "^19.0.0",
                "tailwindcss": "^4.0.12",
                "tslog": "^4.9.3"
            },
            "devDependencies": {
                "@eslint/js": "^9.21.0",
                "@types/react": "^19.0.10",
                "@types/react-dom": "^19.0.4",
                "@types/ws": "^8.18.0",
                "@vitejs/plugin-react-swc": "^3.8.0",
                "eslint": "^9.21.0",
                "eslint-plugin-react-hooks": "^5.1.0",
                "eslint-plugin-react-refresh": "^0.4.19",
                "globals": "^15.15.0",
                "typescript": "~5.7.2",
                "typescript-eslint": "^8.24.1",
                "vite": "^6.3.5"
            }
        },
        "server": {
            "name": "scharles-server",
            "version": "3.0.0",
            "extraneous": true,
            "dependencies": {
                "cors": "^2.8.5",
                "express-file-routing": "^3.0.3",
                "express-rate-limit": "^7.5.0",
                "tslog": "^4.9.3",
                "ws": "^8.18.1"
            },
            "devDependencies": {
                "@types/cors": "^2.8.18",
                "@types/express": "^5.0.0",
                "@types/node": "^22.15.17",
                "@types/ws": "^8.18.1",
                "express": "^4.21.2",
                "ts-node": "^10.9.2",
                "typescript": "^5.8.2"
            }
        }
    }
}
